dependencies:
  Strg-Alt-Entf-0x00/esp-uart-filebridge:
    component_hash: 9d474e05112becc08b65e05e2947b5aa0b53ed541295956b7f29dd6283a1942b
    dependencies:
    - name: idf
      version: '>=5.2.0'
    source:
      git: https://github.com/Strg-Alt-Entf-0x00/esp-uart-filebridge.git
      path: .
      type: git
    version: a5b1a735f150bde35bcca772745627bb3d053a69
  espressif/esp-dsp:
    component_hash: ed9ac175b14e0414399a2b33c525579414b5bad19a2a67b12ea212def96f9a98
    dependencies:
    - name: idf
      require: private
      version: '>=4.2'
    source:
      registry_url: https://components.espressif.com/
      type: service
    version: 1.8.2
  espressif/esp_codec_dev:
    component_hash: 4779f31a3ba3f9b38aee1afe6ccb9ba8f6108dc3a6e77d39d7d714e9a215371b
    dependencies:
    - name: idf
      require: private
      version: '>=4.0'
    source:
      registry_url: https://components.espressif.com/
      type: service
    version: 1.6.2
  idf:
    source:
      type: idf
    version: 6.0.2
direct_dependencies:
- Strg-Alt-Entf-0x00/esp-uart-filebridge
- espressif/esp-dsp
- espressif/esp_codec_dev
manifest_hash: 2680ad77fa353cef9e5939faec696840cd4ed8e0e04fa6698d89431a1d85b560
target: esp32p4
version: 3.0.0
