dependencies:
  Strg-Alt-Entf-0x00/esp-uart-filebridge:
    component_hash: 95a0032398a801c82d12f658f117e0e4b16bf1cb739686a9f4e5501a0a1c9f8b
    dependencies:
    - name: idf
      version: '>=5.2.0'
    source:
      git: https://github.com/Strg-Alt-Entf-0x00/esp-uart-filebridge.git
      path: .
      type: git
    version: e81d792bbaeebe666d2acca3b52b48a86dedd933
  espressif/esp-dsp:
    component_hash: ed9ac175b14e0414399a2b33c525579414b5bad19a2a67b12ea212def96f9a98
    dependencies:
    - name: idf
      require: private
      version: '>=4.2'
    source:
      registry_url: https://components.espressif.com/
      type: service
    version: 1.8.2
  espressif/esp-nn:
    component_hash: 83eca824ef501eb0d8ac7d090970d8a2997ac369e5edb86366a5943e4368d5a5
    dependencies:
    - name: idf
      require: private
      version: '>=5.1'
    source:
      registry_url: https://components.espressif.com/
      type: service
    version: 1.3.0
  espressif/esp_codec_dev:
    component_hash: 4779f31a3ba3f9b38aee1afe6ccb9ba8f6108dc3a6e77d39d7d714e9a215371b
    dependencies:
    - name: idf
      require: private
      version: '>=4.0'
    source:
      registry_url: https://components.espressif.com/
      type: service
    version: 1.6.2
  idf:
    source:
      type: idf
    version: 6.0.2
direct_dependencies:
- Strg-Alt-Entf-0x00/esp-uart-filebridge
- espressif/esp-dsp
- espressif/esp-nn
- espressif/esp_codec_dev
manifest_hash: 0172d77597f35715f4fce4ea8611aa5bfbea3dfbb7bbc3e1e14101de2553b9d5
target: esp32p4
version: 3.0.0
